
Microsoft Visual Studio Solution File, Format Version 12.00
# Visual Studio 14
VisualStudioVersion = 14.0.24720.0
MinimumVisualStudioVersion = 10.0.40219.1
Project("{262852C6-CD72-467D-83FE-5EEB1973A190}") = "CanvasBal", "CanvasBal\CanvasBal.jsproj", "{86ACC736-BB42-4C92-885C-AC3100A605FB}"
EndProject
Global
	GlobalSection(SolutionProperties) = preSolution
		HideSolutionNode = FALSE
	EndGlobalSection
	GlobalSection(TeamFoundationVersionControl) = preSolution
		SccNumberOfProjects = 2
		SccEnterpriseProvider = {4CA58AB2-18FA-4F8D-95D4-32DDF27D184C}
		SccTeamFoundationServer = https://joostsijm.visualstudio.com/defaultcollection
		SccLocalPath0 = .
		SccProjectUniqueName1 = CanvasBal\\CanvasBal.jsproj
		SccProjectName1 = CanvasBal
		SccLocalPath1 = CanvasBal
	EndGlobalSection
EndGlobal
